
Microsoft Visual Studio Solution File, Format Version 12.00
# Visual Studio Version 17
VisualStudioVersion = 17.11.35312.102
MinimumVisualStudioVersion = 10.0.40219.1
Project("{FAE04EC0-301F-11D3-BF4B-00C04F79EFBC}") = "Api_Proyecto_Final", "Api_Proyecto_Final\Api_Proyecto_Final.csproj", "{16846E3C-7282-4D9D-B11E-03685DB1829C}"
EndProject
Global
	GlobalSection(SolutionConfigurationPlatforms) = preSolution
		Debug|Any CPU = Debug|Any CPU
		Release|Any CPU = Release|Any CPU
	EndGlobalSection
	GlobalSection(ProjectConfigurationPlatforms) = postSolution
		{16846E3C-7282-4D9D-B11E-03685DB1829C}.Debug|Any CPU.ActiveCfg = Debug|Any CPU
		{16846E3C-7282-4D9D-B11E-03685DB1829C}.Debug|Any CPU.Build.0 = Debug|Any CPU
		{16846E3C-7282-4D9D-B11E-03685DB1829C}.Release|Any CPU.ActiveCfg = Release|Any CPU
		{16846E3C-7282-4D9D-B11E-03685DB1829C}.Release|Any CPU.Build.0 = Release|Any CPU
	EndGlobalSection
	GlobalSection(SolutionProperties) = preSolution
		HideSolutionNode = FALSE
	EndGlobalSection
	GlobalSection(ExtensibilityGlobals) = postSolution
		SolutionGuid = {53ED7A6C-2B42-48DB-BBD0-382AD843B010}
	EndGlobalSection
EndGlobal
